
Microsoft Visual Studio Solution File, Format Version 12.00
# Visual Studio Version 16
VisualStudioVersion = 16.0.31410.357
MinimumVisualStudioVersion = 10.0.40219.1
Project("{9A19103F-16F7-4668-BE54-9A1E7A4F7556}") = "MyPolyglotCore", "MyPolyglotCore\MyPolyglotCore.csproj", "{6E68ABDC-2E47-430A-B6D1-1EB51E35AEE0}"
EndProject
Project("{FAE04EC0-301F-11D3-BF4B-00C04F79EFBC}") = "MyPolyglotCoreTests", "MyPolyglotCoreTests\MyPolyglotCoreTests.csproj", "{B7C5455F-FC9F-4720-8015-1730543DCF34}"
EndProject
Project("{FAE04EC0-301F-11D3-BF4B-00C04F79EFBC}") = "MyPolyglotConsole", "MyPolyglotConsole\MyPolyglotConsole.csproj", "{DDB95C0E-1B5A-4E75-AE7A-B3FD4DA6939B}"
EndProject
Global
	GlobalSection(SolutionConfigurationPlatforms) = preSolution
		Debug|Any CPU = Debug|Any CPU
		Release|Any CPU = Release|Any CPU
	EndGlobalSection
	GlobalSection(ProjectConfigurationPlatforms) = postSolution
		{6E68ABDC-2E47-430A-B6D1-1EB51E35AEE0}.Debug|Any CPU.ActiveCfg = Debug|Any CPU
		{6E68ABDC-2E47-430A-B6D1-1EB51E35AEE0}.Debug|Any CPU.Build.0 = Debug|Any CPU
		{6E68ABDC-2E47-430A-B6D1-1EB51E35AEE0}.Release|Any CPU.ActiveCfg = Release|Any CPU
		{6E68ABDC-2E47-430A-B6D1-1EB51E35AEE0}.Release|Any CPU.Build.0 = Release|Any CPU
		{B7C5455F-FC9F-4720-8015-1730543DCF34}.Debug|Any CPU.ActiveCfg = Debug|Any CPU
		{B7C5455F-FC9F-4720-8015-1730543DCF34}.Debug|Any CPU.Build.0 = Debug|Any CPU
		{B7C5455F-FC9F-4720-8015-1730543DCF34}.Release|Any CPU.ActiveCfg = Release|Any CPU
		{B7C5455F-FC9F-4720-8015-1730543DCF34}.Release|Any CPU.Build.0 = Release|Any CPU
		{DDB95C0E-1B5A-4E75-AE7A-B3FD4DA6939B}.Debug|Any CPU.ActiveCfg = Debug|Any CPU
		{DDB95C0E-1B5A-4E75-AE7A-B3FD4DA6939B}.Debug|Any CPU.Build.0 = Debug|Any CPU
		{DDB95C0E-1B5A-4E75-AE7A-B3FD4DA6939B}.Release|Any CPU.ActiveCfg = Release|Any CPU
		{DDB95C0E-1B5A-4E75-AE7A-B3FD4DA6939B}.Release|Any CPU.Build.0 = Release|Any CPU
	EndGlobalSection
	GlobalSection(SolutionProperties) = preSolution
		HideSolutionNode = FALSE
	EndGlobalSection
	GlobalSection(ExtensibilityGlobals) = postSolution
		SolutionGuid = {91580DBE-893D-432F-960D-080CF1B1EF49}
	EndGlobalSection
EndGlobal
